
Microsoft Visual Studio Solution File, Format Version 12.00
# Visual Studio Version 16
VisualStudioVersion = 16.0.30104.148
MinimumVisualStudioVersion = 10.0.40219.1
Project("{FAE04EC0-301F-11D3-BF4B-00C04F79EFBC}") = "TodoApi", "TodoApi\TodoApi.csproj", "{72E289BD-1A22-4087-9624-F700AB9DD6EB}"
EndProject
Global
	GlobalSection(SolutionConfigurationPlatforms) = preSolution
		Debug|Any CPU = Debug|Any CPU
		Release|Any CPU = Release|Any CPU
	EndGlobalSection
	GlobalSection(ProjectConfigurationPlatforms) = postSolution
		{72E289BD-1A22-4087-9624-F700AB9DD6EB}.Debug|Any CPU.ActiveCfg = Debug|Any CPU
		{72E289BD-1A22-4087-9624-F700AB9DD6EB}.Debug|Any CPU.Build.0 = Debug|Any CPU
		{72E289BD-1A22-4087-9624-F700AB9DD6EB}.Release|Any CPU.ActiveCfg = Release|Any CPU
		{72E289BD-1A22-4087-9624-F700AB9DD6EB}.Release|Any CPU.Build.0 = Release|Any CPU
	EndGlobalSection
	GlobalSection(SolutionProperties) = preSolution
		HideSolutionNode = FALSE
	EndGlobalSection
	GlobalSection(ExtensibilityGlobals) = postSolution
		SolutionGuid = {9A008D77-CCA3-44C7-9C7A-C28FE90C5B06}
	EndGlobalSection
EndGlobal
